
Microsoft Visual Studio Solution File, Format Version 12.00
# Visual Studio Version 17
VisualStudioVersion = 17.8.34931.61
MinimumVisualStudioVersion = 10.0.40219.1
Project("{FAE04EC0-301F-11D3-BF4B-00C04F79EFBC}") = "ProcessCSVFile.Example", "ProcessCSVFile.Example\ProcessCSVFile.Example.csproj", "{A3B43DB1-DA6A-4AD2-8A25-4125B9C06A13}"
EndProject
Global
	GlobalSection(SolutionConfigurationPlatforms) = preSolution
		Debug|Any CPU = Debug|Any CPU
		Release|Any CPU = Release|Any CPU
	EndGlobalSection
	GlobalSection(ProjectConfigurationPlatforms) = postSolution
		{A3B43DB1-DA6A-4AD2-8A25-4125B9C06A13}.Debug|Any CPU.ActiveCfg = Debug|Any CPU
		{A3B43DB1-DA6A-4AD2-8A25-4125B9C06A13}.Debug|Any CPU.Build.0 = Debug|Any CPU
		{A3B43DB1-DA6A-4AD2-8A25-4125B9C06A13}.Release|Any CPU.ActiveCfg = Release|Any CPU
		{A3B43DB1-DA6A-4AD2-8A25-4125B9C06A13}.Release|Any CPU.Build.0 = Release|Any CPU
	EndGlobalSection
	GlobalSection(SolutionProperties) = preSolution
		HideSolutionNode = FALSE
	EndGlobalSection
	GlobalSection(ExtensibilityGlobals) = postSolution
		SolutionGuid = {E97193AF-D8FF-4193-A259-DF23F2CF7B6F}
	EndGlobalSection
EndGlobal
